
Microsoft Visual Studio Solution File, Format Version 11.00
# Visual Studio 2010
Project("{FAE04EC0-301F-11D3-BF4B-00C04F79EFBC}") = "Assembly-CSharp", "Assembly-CSharp.csproj", "{65d046d5-73c3-a92e-9b82-e67a16fcf958}"
EndProject
Global
	GlobalSection(SolutionConfigurationPlatforms) = preSolution
		Debug|Any CPU = Debug|Any CPU
		Release|Any CPU = Release|Any CPU
	EndGlobalSection
	GlobalSection(ProjectConfigurationPlatforms) = postSolution
		{65d046d5-73c3-a92e-9b82-e67a16fcf958}.Debug|Any CPU.ActiveCfg = Debug|Any CPU
		{65d046d5-73c3-a92e-9b82-e67a16fcf958}.Debug|Any CPU.Build.0 = Debug|Any CPU
		{65d046d5-73c3-a92e-9b82-e67a16fcf958}.Release|Any CPU.ActiveCfg = Release|Any CPU
		{65d046d5-73c3-a92e-9b82-e67a16fcf958}.Release|Any CPU.Build.0 = Release|Any CPU
	EndGlobalSection
	GlobalSection(SolutionProperties) = preSolution
		HideSolutionNode = FALSE
	EndGlobalSection
EndGlobal
